
Microsoft Visual Studio Solution File, Format Version 12.00
# Visual Studio 14
VisualStudioVersion = 14.0.25123.0
MinimumVisualStudioVersion = 10.0.40219.1
Project("{8BC9CEB8-8B4A-11D0-8D11-00A0C91BC942}") = "Bootstrap", "bootstrap\Bootstrap.vcxproj", "{AF59BB0B-E059-4773-83DC-728A949647DA}"
EndProject
Project("{8BC9CEB8-8B4A-11D0-8D11-00A0C91BC942}") = "Game_AI_Aaron", "Game_AI_Aaron\Game_AI_Aaron.vcxproj", "{DEA49362-B428-4215-8D64-4EA0B4FF0858}"
	ProjectSection(ProjectDependencies) = postProject
		{AF59BB0B-E059-4773-83DC-728A949647DA} = {AF59BB0B-E059-4773-83DC-728A949647DA}
		{0EE80860-64C4-4DC6-8683-B7A6681FF553} = {0EE80860-64C4-4DC6-8683-B7A6681FF553}
	EndProjectSection
EndProject
Project("{8BC9CEB8-8B4A-11D0-8D11-00A0C91BC942}") = "Graph", "Graph\Graph.vcxproj", "{145705A4-0B4F-44C3-B546-D17D27C127FC}"
EndProject
Project("{8BC9CEB8-8B4A-11D0-8D11-00A0C91BC942}") = "Utilities", "Utilities\Utilities.vcxproj", "{0EE80860-64C4-4DC6-8683-B7A6681FF553}"
EndProject
Project("{8BC9CEB8-8B4A-11D0-8D11-00A0C91BC942}") = "ResourceManager", "ResourceManager\ResourceManager.vcxproj", "{8ABF9E1C-B670-4DF9-A565-F4F592B2377D}"
EndProject
Global
	GlobalSection(SolutionConfigurationPlatforms) = preSolution
		Debug|x64 = Debug|x64
		Debug|x86 = Debug|x86
		Release|x64 = Release|x64
		Release|x86 = Release|x86
	EndGlobalSection
	GlobalSection(ProjectConfigurationPlatforms) = postSolution
		{AF59BB0B-E059-4773-83DC-728A949647DA}.Debug|x64.ActiveCfg = Debug|Win32
		{AF59BB0B-E059-4773-83DC-728A949647DA}.Debug|x86.ActiveCfg = Debug|Win32
		{AF59BB0B-E059-4773-83DC-728A949647DA}.Debug|x86.Build.0 = Debug|Win32
		{AF59BB0B-E059-4773-83DC-728A949647DA}.Release|x64.ActiveCfg = Release|Win32
		{AF59BB0B-E059-4773-83DC-728A949647DA}.Release|x86.ActiveCfg = Release|Win32
		{AF59BB0B-E059-4773-83DC-728A949647DA}.Release|x86.Build.0 = Release|Win32
		{DEA49362-B428-4215-8D64-4EA0B4FF0858}.Debug|x64.ActiveCfg = Debug|Win32
		{DEA49362-B428-4215-8D64-4EA0B4FF0858}.Debug|x86.ActiveCfg = Debug|Win32
		{DEA49362-B428-4215-8D64-4EA0B4FF0858}.Debug|x86.Build.0 = Debug|Win32
		{DEA49362-B428-4215-8D64-4EA0B4FF0858}.Release|x64.ActiveCfg = Release|Win32
		{DEA49362-B428-4215-8D64-4EA0B4FF0858}.Release|x86.ActiveCfg = Release|Win32
		{DEA49362-B428-4215-8D64-4EA0B4FF0858}.Release|x86.Build.0 = Release|Win32
		{145705A4-0B4F-44C3-B546-D17D27C127FC}.Debug|x64.ActiveCfg = Debug|x64
		{145705A4-0B4F-44C3-B546-D17D27C127FC}.Debug|x64.Build.0 = Debug|x64
		{145705A4-0B4F-44C3-B546-D17D27C127FC}.Debug|x86.ActiveCfg = Debug|Win32
		{145705A4-0B4F-44C3-B546-D17D27C127FC}.Debug|x86.Build.0 = Debug|Win32
		{145705A4-0B4F-44C3-B546-D17D27C127FC}.Release|x64.ActiveCfg = Release|x64
		{145705A4-0B4F-44C3-B546-D17D27C127FC}.Release|x64.Build.0 = Release|x64
		{145705A4-0B4F-44C3-B546-D17D27C127FC}.Release|x86.ActiveCfg = Release|Win32
		{145705A4-0B4F-44C3-B546-D17D27C127FC}.Release|x86.Build.0 = Release|Win32
		{0EE80860-64C4-4DC6-8683-B7A6681FF553}.Debug|x64.ActiveCfg = Debug|x64
		{0EE80860-64C4-4DC6-8683-B7A6681FF553}.Debug|x64.Build.0 = Debug|x64
		{0EE80860-64C4-4DC6-8683-B7A6681FF553}.Debug|x86.ActiveCfg = Debug|Win32
		{0EE80860-64C4-4DC6-8683-B7A6681FF553}.Debug|x86.Build.0 = Debug|Win32
		{0EE80860-64C4-4DC6-8683-B7A6681FF553}.Release|x64.ActiveCfg = Release|x64
		{0EE80860-64C4-4DC6-8683-B7A6681FF553}.Release|x64.Build.0 = Release|x64
		{0EE80860-64C4-4DC6-8683-B7A6681FF553}.Release|x86.ActiveCfg = Release|Win32
		{0EE80860-64C4-4DC6-8683-B7A6681FF553}.Release|x86.Build.0 = Release|Win32
		{8ABF9E1C-B670-4DF9-A565-F4F592B2377D}.Debug|x64.ActiveCfg = Debug|x64
		{8ABF9E1C-B670-4DF9-A565-F4F592B2377D}.Debug|x64.Build.0 = Debug|x64
		{8ABF9E1C-B670-4DF9-A565-F4F592B2377D}.Debug|x86.ActiveCfg = Debug|Win32
		{8ABF9E1C-B670-4DF9-A565-F4F592B2377D}.Debug|x86.Build.0 = Debug|Win32
		{8ABF9E1C-B670-4DF9-A565-F4F592B2377D}.Release|x64.ActiveCfg = Release|x64
		{8ABF9E1C-B670-4DF9-A565-F4F592B2377D}.Release|x64.Build.0 = Release|x64
		{8ABF9E1C-B670-4DF9-A565-F4F592B2377D}.Release|x86.ActiveCfg = Release|Win32
		{8ABF9E1C-B670-4DF9-A565-F4F592B2377D}.Release|x86.Build.0 = Release|Win32
	EndGlobalSection
	GlobalSection(SolutionProperties) = preSolution
		HideSolutionNode = FALSE
	EndGlobalSection
EndGlobal
